{
  "requires": true,
  "lockfileVersion": 1,
  "dependencies": {
    "tti-polyfill": {
      "version": "0.2.2",
      "resolved": "https://registry.npmjs.org/tti-polyfill/-/tti-polyfill-0.2.2.tgz",
      "integrity": "sha512-URIoJxvsHThbQEJij29hIBUDHx9UNoBBCQVjy7L8PnzkqY8N6lsAI6h8JrT1Wt2lA0avus/DkuiJxd9qpfCpqw=="
    },
    "workbox-sw": {
      "version": "4.1.0",
      "resolved": "https://registry.npmjs.org/workbox-sw/-/workbox-sw-4.1.0.tgz",
      "integrity": "sha512-GDLQLdoCZZocl4AdNFSH51pijuOyabBko0V4wTfE3MraZCt2A7Slha3gkVSEZLM6BD/8b0wGmNpYwXR08G0Ytw=="
    }
  }
}
