{
  "requires": true,
  "lockfileVersion": 1,
  "dependencies": {
    "tti-polyfill": {
      "version": "0.2.2",
      "resolved": "https://registry.npmjs.org/tti-polyfill/-/tti-polyfill-0.2.2.tgz",
      "integrity": "sha512-URIoJxvsHThbQEJij29hIBUDHx9UNoBBCQVjy7L8PnzkqY8N6lsAI6h8JrT1Wt2lA0avus/DkuiJxd9qpfCpqw=="
    },
    "workbox-sw": {
      "version": "3.5.0",
      "resolved": "https://registry.npmjs.org/workbox-sw/-/workbox-sw-3.5.0.tgz",
      "integrity": "sha512-ejFm0EF2yuWAY9qJ4BNRrw3TNheqMGqGiLjZkz3WoWDTR8JAr/1WkfXh+uovG1b7J2UXeMURt3Yng419GK6ttw=="
    }
  }
}
